// !$*UTF8*$!
{
	archiveVersion = 1;
	classes = {
	};
	objectVersion = 46;
	objects = {

/* Begin PBXBuildFile section */
		0589058A1722CEF500568CC4 /* UIKit.framework in Frameworks */ = {isa = PBXBuildFile; fileRef = 058905891722CEF500568CC4 /* UIKit.framework */; };
		0589058C1722CEF500568CC4 /* Foundation.framework in Frameworks */ = {isa = PBXBuildFile; fileRef = 0589058B1722CEF500568CC4 /* Foundation.framework */; };
		0589058E1722CEF500568CC4 /* CoreGraphics.framework in Frameworks */ = {isa = PBXBuildFile; fileRef = 0589058D1722CEF500568CC4 /* CoreGraphics.framework */; };
		058905941722CEF500568CC4 /* InfoPlist.strings in Resources */ = {isa = PBXBuildFile; fileRef = 058905921722CEF500568CC4 /* InfoPlist.strings */; };
		058905961722CEF500568CC4 /* main.m in Sources */ = {isa = PBXBuildFile; fileRef = 058905951722CEF500568CC4 /* main.m */; };
		0589059A1722CEF500568CC4 /* PSAppDelegate.m in Sources */ = {isa = PBXBuildFile; fileRef = 058905991722CEF500568CC4 /* PSAppDelegate.m */; };
		0589059C1722CEF500568CC4 /* Default.png in Resources */ = {isa = PBXBuildFile; fileRef = 0589059B1722CEF500568CC4 /* Default.png */; };
		0589059E1722CEF500568CC4 /* Default@2x.png in Resources */ = {isa = PBXBuildFile; fileRef = 0589059D1722CEF500568CC4 /* Default@2x.png */; };
		058905A01722CEF500568CC4 /* Default-568h@2x.png in Resources */ = {isa = PBXBuildFile; fileRef = 0589059F1722CEF500568CC4 /* Default-568h@2x.png */; };
		058905A31722CEF500568CC4 /* MainStoryboard_iPhone.storyboard in Resources */ = {isa = PBXBuildFile; fileRef = 058905A11722CEF500568CC4 /* MainStoryboard_iPhone.storyboard */; };
		058905A61722CEF500568CC4 /* MainStoryboard_iPad.storyboard in Resources */ = {isa = PBXBuildFile; fileRef = 058905A41722CEF500568CC4 /* MainStoryboard_iPad.storyboard */; };
		058905A91722CEF500568CC4 /* PSViewController.m in Sources */ = {isa = PBXBuildFile; fileRef = 058905A81722CEF500568CC4 /* PSViewController.m */; };
/* End PBXBuildFile section */

/* Begin PBXFileReference section */
		058905861722CEF500568CC4 /* PetsecureMobileTools.app */ = {isa = PBXFileReference; explicitFileType = wrapper.application; includeInIndex = 0; path = PetsecureMobileTools.app; sourceTree = BUILT_PRODUCTS_DIR; };
		058905891722CEF500568CC4 /* UIKit.framework */ = {isa = PBXFileReference; lastKnownFileType = wrapper.framework; name = UIKit.framework; path = System/Library/Frameworks/UIKit.framework; sourceTree = SDKROOT; };
		0589058B1722CEF500568CC4 /* Foundation.framework */ = {isa = PBXFileReference; lastKnownFileType = wrapper.framework; name = Foundation.framework; path = System/Library/Frameworks/Foundation.framework; sourceTree = SDKROOT; };
		0589058D1722CEF500568CC4 /* CoreGraphics.framework */ = {isa = PBXFileReference; lastKnownFileType = wrapper.framework; name = CoreGraphics.framework; path = System/Library/Frameworks/CoreGraphics.framework; sourceTree = SDKROOT; };
		058905911722CEF500568CC4 /* PetsecureMobileTools-Info.plist */ = {isa = PBXFileReference; lastKnownFileType = text.plist.xml; path = "PetsecureMobileTools-Info.plist"; sourceTree = "<group>"; };
		058905931722CEF500568CC4 /* en */ = {isa = PBXFileReference; lastKnownFileType = text.plist.strings; name = en; path = en.lproj/InfoPlist.strings; sourceTree = "<group>"; };
		058905951722CEF500568CC4 /* main.m */ = {isa = PBXFileReference; lastKnownFileType = sourcecode.c.objc; path = main.m; sourceTree = "<group>"; };
		058905971722CEF500568CC4 /* PetsecureMobileTools-Prefix.pch */ = {isa = PBXFileReference; lastKnownFileType = sourcecode.c.h; path = "PetsecureMobileTools-Prefix.pch"; sourceTree = "<group>"; };
		058905981722CEF500568CC4 /* PSAppDelegate.h */ = {isa = PBXFileReference; lastKnownFileType = sourcecode.c.h; path = PSAppDelegate.h; sourceTree = "<group>"; };
		058905991722CEF500568CC4 /* PSAppDelegate.m */ = {isa = PBXFileReference; lastKnownFileType = sourcecode.c.objc; path = PSAppDelegate.m; sourceTree = "<group>"; };
		0589059B1722CEF500568CC4 /* Default.png */ = {isa = PBXFileReference; lastKnownFileType = image.png; path = Default.png; sourceTree = "<group>"; };
		0589059D1722CEF500568CC4 /* Default@2x.png */ = {isa = PBXFileReference; lastKnownFileType = image.png; path = "Default@2x.png"; sourceTree = "<group>"; };
		0589059F1722CEF500568CC4 /* Default-568h@2x.png */ = {isa = PBXFileReference; lastKnownFileType = image.png; path = "Default-568h@2x.png"; sourceTree = "<group>"; };
		058905A21722CEF500568CC4 /* en */ = {isa = PBXFileReference; lastKnownFileType = file.storyboard; name = en; path = en.lproj/MainStoryboard_iPhone.storyboard; sourceTree = "<group>"; };
		058905A51722CEF500568CC4 /* en */ = {isa = PBXFileReference; lastKnownFileType = file.storyboard; name = en; path = en.lproj/MainStoryboard_iPad.storyboard; sourceTree = "<group>"; };
		058905A71722CEF500568CC4 /* PSViewController.h */ = {isa = PBXFileReference; lastKnownFileType = sourcecode.c.h; path = PSViewController.h; sourceTree = "<group>"; };
		058905A81722CEF500568CC4 /* PSViewController.m */ = {isa = PBXFileReference; lastKnownFileType = sourcecode.c.objc; path = PSViewController.m; sourceTree = "<group>"; };
/* End PBXFileReference section */

/* Begin PBXFrameworksBuildPhase section */
		058905831722CEF500568CC4 /* Frameworks */ = {
			isa = PBXFrameworksBuildPhase;
			buildActionMask = 2147483647;
			files = (
				0589058A1722CEF500568CC4 /* UIKit.framework in Frameworks */,
				0589058C1722CEF500568CC4 /* Foundation.framework in Frameworks */,
				0589058E1722CEF500568CC4 /* CoreGraphics.framework in Frameworks */,
			);
			runOnlyForDeploymentPostprocessing = 0;
		};
/* End PBXFrameworksBuildPhase section */

/* Begin PBXGroup section */
		0589057D1722CEF500568CC4 = {
			isa = PBXGroup;
			children = (
				0589058F1722CEF500568CC4 /* PetsecureMobileTools */,
				058905881722CEF500568CC4 /* Frameworks */,
				058905871722CEF500568CC4 /* Products */,
			);
			sourceTree = "<group>";
		};
		058905871722CEF500568CC4 /* Products */ = {
			isa = PBXGroup;
			children = (
				058905861722CEF500568CC4 /* PetsecureMobileTools.app */,
			);
			name = Products;
			sourceTree = "<group>";
		};
		058905881722CEF500568CC4 /* Frameworks */ = {
			isa = PBXGroup;
			children = (
				058905891722CEF500568CC4 /* UIKit.framework */,
				0589058B1722CEF500568CC4 /* Foundation.framework */,
				0589058D1722CEF500568CC4 /* CoreGraphics.framework */,
			);
			name = Frameworks;
			sourceTree = "<group>";
		};
		0589058F1722CEF500568CC4 /* PetsecureMobileTools */ = {
			isa = PBXGroup;
			children = (
				058905981722CEF500568CC4 /* PSAppDelegate.h */,
				058905991722CEF500568CC4 /* PSAppDelegate.m */,
				058905A11722CEF500568CC4 /* MainStoryboard_iPhone.storyboard */,
				058905A41722CEF500568CC4 /* MainStoryboard_iPad.storyboard */,
				058905A71722CEF500568CC4 /* PSViewController.h */,
				058905A81722CEF500568CC4 /* PSViewController.m */,
				058905901722CEF500568CC4 /* Supporting Files */,
			);
			path = PetsecureMobileTools;
			sourceTree = "<group>";
		};
		058905901722CEF500568CC4 /* Supporting Files */ = {
			isa = PBXGroup;
			children = (
				058905911722CEF500568CC4 /* PetsecureMobileTools-Info.plist */,
				058905921722CEF500568CC4 /* InfoPlist.strings */,
				058905951722CEF500568CC4 /* main.m */,
				058905971722CEF500568CC4 /* PetsecureMobileTools-Prefix.pch */,
				0589059B1722CEF500568CC4 /* Default.png */,
				0589059D1722CEF500568CC4 /* Default@2x.png */,
				0589059F1722CEF500568CC4 /* Default-568h@2x.png */,
			);
			name = "Supporting Files";
			sourceTree = "<group>";
		};
/* End PBXGroup section */

/* Begin PBXNativeTarget section */
		058905851722CEF500568CC4 /* PetsecureMobileTools */ = {
			isa = PBXNativeTarget;
			buildConfigurationList = 058905AC1722CEF500568CC4 /* Build configuration list for PBXNativeTarget "PetsecureMobileTools" */;
			buildPhases = (
				058905821722CEF500568CC4 /* Sources */,
				058905831722CEF500568CC4 /* Frameworks */,
				058905841722CEF500568CC4 /* Resources */,
			);
			buildRules = (
			);
			dependencies = (
			);
			name = PetsecureMobileTools;
			productName = PetsecureMobileTools;
			productReference = 058905861722CEF500568CC4 /* PetsecureMobileTools.app */;
			productType = "com.apple.product-type.application";
		};
/* End PBXNativeTarget section */

/* Begin PBXProject section */
		0589057E1722CEF500568CC4 /* Project object */ = {
			isa = PBXProject;
			attributes = {
				CLASSPREFIX = PS;
				LastUpgradeCheck = 0460;
				ORGANIZATIONNAME = "Quan Dai";
			};
			buildConfigurationList = 058905811722CEF500568CC4 /* Build configuration list for PBXProject "PetsecureMobileTools" */;
			compatibilityVersion = "Xcode 3.2";
			developmentRegion = English;
			hasScannedForEncodings = 0;
			knownRegions = (
				en,
			);
			mainGroup = 0589057D1722CEF500568CC4;
			productRefGroup = 058905871722CEF500568CC4 /* Products */;
			projectDirPath = "";
			projectRoot = "";
			targets = (
				058905851722CEF500568CC4 /* PetsecureMobileTools */,
			);
		};
/* End PBXProject section */

/* Begin PBXResourcesBuildPhase section */
		058905841722CEF500568CC4 /* Resources */ = {
			isa = PBXResourcesBuildPhase;
			buildActionMask = 2147483647;
			files = (
				058905941722CEF500568CC4 /* InfoPlist.strings in Resources */,
				0589059C1722CEF500568CC4 /* Default.png in Resources */,
				0589059E1722CEF500568CC4 /* Default@2x.png in Resources */,
				058905A01722CEF500568CC4 /* Default-568h@2x.png in Resources */,
				058905A31722CEF500568CC4 /* MainStoryboard_iPhone.storyboard in Resources */,
				058905A61722CEF500568CC4 /* MainStoryboard_iPad.storyboard in Resources */,
			);
			runOnlyForDeploymentPostprocessing = 0;
		};
/* End PBXResourcesBuildPhase section */

/* Begin PBXSourcesBuildPhase section */
		058905821722CEF500568CC4 /* Sources */ = {
			isa = PBXSourcesBuildPhase;
			buildActionMask = 2147483647;
			files = (
				058905961722CEF500568CC4 /* main.m in Sources */,
				0589059A1722CEF500568CC4 /* PSAppDelegate.m in Sources */,
				058905A91722CEF500568CC4 /* PSViewController.m in Sources */,
			);
			runOnlyForDeploymentPostprocessing = 0;
		};
/* End PBXSourcesBuildPhase section */

/* Begin PBXVariantGroup section */
		058905921722CEF500568CC4 /* InfoPlist.strings */ = {
			isa = PBXVariantGroup;
			children = (
				058905931722CEF500568CC4 /* en */,
			);
			name = InfoPlist.strings;
			sourceTree = "<group>";
		};
		058905A11722CEF500568CC4 /* MainStoryboard_iPhone.storyboard */ = {
			isa = PBXVariantGroup;
			children = (
				058905A21722CEF500568CC4 /* en */,
			);
			name = MainStoryboard_iPhone.storyboard;
			sourceTree = "<group>";
		};
		058905A41722CEF500568CC4 /* MainStoryboard_iPad.storyboard */ = {
			isa = PBXVariantGroup;
			children = (
				058905A51722CEF500568CC4 /* en */,
			);
			name = MainStoryboard_iPad.storyboard;
			sourceTree = "<group>";
		};
/* End PBXVariantGroup section */

/* Begin XCBuildConfiguration section */
		058905AA1722CEF500568CC4 /* Debug */ = {
			isa = XCBuildConfiguration;
			buildSettings = {
				ALWAYS_SEARCH_USER_PATHS = NO;
				CLANG_CXX_LANGUAGE_STANDARD = "gnu++0x";
				CLANG_CXX_LIBRARY = "libc++";
				CLANG_ENABLE_OBJC_ARC = YES;
				CLANG_WARN_CONSTANT_CONVERSION = YES;
				CLANG_WARN_EMPTY_BODY = YES;
				CLANG_WARN_ENUM_CONVERSION = YES;
				CLANG_WARN_INT_CONVERSION = YES;
				CLANG_WARN__DUPLICATE_METHOD_MATCH = YES;
				"CODE_SIGN_IDENTITY[sdk=iphoneos*]" = "iPhone Developer";
				COPY_PHASE_STRIP = NO;
				GCC_C_LANGUAGE_STANDARD = gnu99;
				GCC_DYNAMIC_NO_PIC = NO;
				GCC_OPTIMIZATION_LEVEL = 0;
				GCC_PREPROCESSOR_DEFINITIONS = (
					"DEBUG=1",
					"$(inherited)",
				);
				GCC_SYMBOLS_PRIVATE_EXTERN = NO;
				GCC_WARN_ABOUT_RETURN_TYPE = YES;
				GCC_WARN_UNINITIALIZED_AUTOS = YES;
				GCC_WARN_UNUSED_VARIABLE = YES;
				IPHONEOS_DEPLOYMENT_TARGET = 6.1;
				ONLY_ACTIVE_ARCH = YES;
				SDKROOT = iphoneos;
				TARGETED_DEVICE_FAMILY = "1,2";
			};
			name = Debug;
		};
		058905AB1722CEF500568CC4 /* Release */ = {
			isa = XCBuildConfiguration;
			buildSettings = {
				ALWAYS_SEARCH_USER_PATHS = NO;
				CLANG_CXX_LANGUAGE_STANDARD = "gnu++0x";
				CLANG_CXX_LIBRARY = "libc++";
				CLANG_ENABLE_OBJC_ARC = YES;
				CLANG_WARN_CONSTANT_CONVERSION = YES;
				CLANG_WARN_EMPTY_BODY = YES;
				CLANG_WARN_ENUM_CONVERSION = YES;
				CLANG_WARN_INT_CONVERSION = YES;
				CLANG_WARN__DUPLICATE_METHOD_MATCH = YES;
				"CODE_SIGN_IDENTITY[sdk=iphoneos*]" = "iPhone Developer";
				COPY_PHASE_STRIP = YES;
				GCC_C_LANGUAGE_STANDARD = gnu99;
				GCC_WARN_ABOUT_RETURN_TYPE = YES;
				GCC_WARN_UNINITIALIZED_AUTOS = YES;
				GCC_WARN_UNUSED_VARIABLE = YES;
				IPHONEOS_DEPLOYMENT_TARGET = 6.1;
				OTHER_CFLAGS = "-DNS_BLOCK_ASSERTIONS=1";
				SDKROOT = iphoneos;
				TARGETED_DEVICE_FAMILY = "1,2";
				VALIDATE_PRODUCT = YES;
			};
			name = Release;
		};
		058905AD1722CEF500568CC4 /* Debug */ = {
			isa = XCBuildConfiguration;
			buildSettings = {
				GCC_PRECOMPILE_PREFIX_HEADER = YES;
				GCC_PREFIX_HEADER = "PetsecureMobileTools/PetsecureMobileTools-Prefix.pch";
				INFOPLIST_FILE = "PetsecureMobileTools/PetsecureMobileTools-Info.plist";
				PRODUCT_NAME = "$(TARGET_NAME)";
				WRAPPER_EXTENSION = app;
			};
			name = Debug;
		};
		058905AE1722CEF500568CC4 /* Release */ = {
			isa = XCBuildConfiguration;
			buildSettings = {
				GCC_PRECOMPILE_PREFIX_HEADER = YES;
				GCC_PREFIX_HEADER = "PetsecureMobileTools/PetsecureMobileTools-Prefix.pch";
				INFOPLIST_FILE = "PetsecureMobileTools/PetsecureMobileTools-Info.plist";
				PRODUCT_NAME = "$(TARGET_NAME)";
				WRAPPER_EXTENSION = app;
			};
			name = Release;
		};
/* End XCBuildConfiguration section */

/* Begin XCConfigurationList section */
		058905811722CEF500568CC4 /* Build configuration list for PBXProject "PetsecureMobileTools" */ = {
			isa = XCConfigurationList;
			buildConfigurations = (
				058905AA1722CEF500568CC4 /* Debug */,
				058905AB1722CEF500568CC4 /* Release */,
			);
			defaultConfigurationIsVisible = 0;
			defaultConfigurationName = Release;
		};
		058905AC1722CEF500568CC4 /* Build configuration list for PBXNativeTarget "PetsecureMobileTools" */ = {
			isa = XCConfigurationList;
			buildConfigurations = (
				058905AD1722CEF500568CC4 /* Debug */,
				058905AE1722CEF500568CC4 /* Release */,
			);
			defaultConfigurationIsVisible = 0;
		};
/* End XCConfigurationList section */
	};
	rootObject = 0589057E1722CEF500568CC4 /* Project object */;
}
